# THIS IS AN AUTOGENERATED FILE. DO NOT EDIT THIS FILE DIRECTLY.
# yarn lockfile v1


"@xmldom/xmldom@^0.8.8":
  version "0.8.8"
  resolved "https://registry.yarnpkg.com/@xmldom/xmldom/-/xmldom-0.8.8.tgz#d0d11511cbc1de77e53342ad1546a4d487d6ea72"
  integrity sha512-0LNz4EY8B/8xXY86wMrQ4tz6zEHZv9ehFMJPm8u2gq5lQ71cfRKdaKyxfJAx5aUoyzx0qzgURblTisPGgz3d+Q==
